{
  "name": "eorus-hugo",
  "version": "1.0.0",
  "lockfileVersion": 3,
  "requires": true,
  "packages": {
    "": {
      "name": "eorus-hugo",
      "version": "1.0.0",
      "license": "ISC",
      "dependencies": {
        "@picocss/pico": "^1.5.13",
        "@spectre-org/spectre-css": "github:spectre-org/spectre-css"
      }
    },
    "node_modules/@picocss/pico": {
      "version": "1.5.13",
      "resolved": "https://registry.npmjs.org/@picocss/pico/-/pico-1.5.13.tgz",
      "integrity": "sha512-BPTeE4JC95+7/vsG9r+6hDR1qUkV4YZ1blI/TI6peOmM94XubjmUDE3jUi4f6DBV6WmCL76ueTct/NerJ33E8A==",
      "license": "MIT"
    },
    "node_modules/@spectre-org/spectre-css": {
      "version": "1.2.0",
      "resolved": "git+ssh://git@github.com/spectre-org/spectre-css.git#98eceea68d57b14b5599f867c0c3475cd12fbc14",
      "license": "MIT"
    }
  }
}
